// !$*UTF8*$!
{
	archiveVersion = 1;
	classes = {
	};
	objectVersion = 46;
	objects = {

/* Begin PBXBuildFile section */
		E2330D4E18C3A65B00F23CCA /* Foundation.framework in Frameworks */ = {isa = PBXBuildFile; fileRef = E2330D4D18C3A65B00F23CCA /* Foundation.framework */; };
		E2330D5018C3A65B00F23CCA /* CoreGraphics.framework in Frameworks */ = {isa = PBXBuildFile; fileRef = E2330D4F18C3A65B00F23CCA /* CoreGraphics.framework */; };
		E2330D5218C3A65B00F23CCA /* UIKit.framework in Frameworks */ = {isa = PBXBuildFile; fileRef = E2330D5118C3A65B00F23CCA /* UIKit.framework */; };
		E2330D5818C3A65B00F23CCA /* InfoPlist.strings in Resources */ = {isa = PBXBuildFile; fileRef = E2330D5618C3A65B00F23CCA /* InfoPlist.strings */; };
		E2330D5A18C3A65B00F23CCA /* main.m in Sources */ = {isa = PBXBuildFile; fileRef = E2330D5918C3A65B00F23CCA /* main.m */; };
		E2330D5E18C3A65B00F23CCA /* AppDelegate.m in Sources */ = {isa = PBXBuildFile; fileRef = E2330D5D18C3A65B00F23CCA /* AppDelegate.m */; };
		E2330D6018C3A65B00F23CCA /* Images.xcassets in Resources */ = {isa = PBXBuildFile; fileRef = E2330D5F18C3A65B00F23CCA /* Images.xcassets */; };
		E2330D6718C3A65B00F23CCA /* XCTest.framework in Frameworks */ = {isa = PBXBuildFile; fileRef = E2330D6618C3A65B00F23CCA /* XCTest.framework */; };
		E2330D6818C3A65B00F23CCA /* Foundation.framework in Frameworks */ = {isa = PBXBuildFile; fileRef = E2330D4D18C3A65B00F23CCA /* Foundation.framework */; };
		E2330D6918C3A65B00F23CCA /* UIKit.framework in Frameworks */ = {isa = PBXBuildFile; fileRef = E2330D5118C3A65B00F23CCA /* UIKit.framework */; };
		E2330D7118C3A65B00F23CCA /* InfoPlist.strings in Resources */ = {isa = PBXBuildFile; fileRef = E2330D6F18C3A65B00F23CCA /* InfoPlist.strings */; };
		E2330D7318C3A65B00F23CCA /* TweetTrendsTests.m in Sources */ = {isa = PBXBuildFile; fileRef = E2330D7218C3A65B00F23CCA /* TweetTrendsTests.m */; };
/* End PBXBuildFile section */

/* Begin PBXContainerItemProxy section */
		E2330D6A18C3A65B00F23CCA /* PBXContainerItemProxy */ = {
			isa = PBXContainerItemProxy;
			containerPortal = E2330D4218C3A65B00F23CCA /* Project object */;
			proxyType = 1;
			remoteGlobalIDString = E2330D4918C3A65B00F23CCA;
			remoteInfo = TweetTrends;
		};
/* End PBXContainerItemProxy section */

/* Begin PBXFileReference section */
		E2330D4A18C3A65B00F23CCA /* TweetTrends.app */ = {isa = PBXFileReference; explicitFileType = wrapper.application; includeInIndex = 0; path = TweetTrends.app; sourceTree = BUILT_PRODUCTS_DIR; };
		E2330D4D18C3A65B00F23CCA /* Foundation.framework */ = {isa = PBXFileReference; lastKnownFileType = wrapper.framework; name = Foundation.framework; path = System/Library/Frameworks/Foundation.framework; sourceTree = SDKROOT; };
		E2330D4F18C3A65B00F23CCA /* CoreGraphics.framework */ = {isa = PBXFileReference; lastKnownFileType = wrapper.framework; name = CoreGraphics.framework; path = System/Library/Frameworks/CoreGraphics.framework; sourceTree = SDKROOT; };
		E2330D5118C3A65B00F23CCA /* UIKit.framework */ = {isa = PBXFileReference; lastKnownFileType = wrapper.framework; name = UIKit.framework; path = System/Library/Frameworks/UIKit.framework; sourceTree = SDKROOT; };
		E2330D5518C3A65B00F23CCA /* TweetTrends-Info.plist */ = {isa = PBXFileReference; lastKnownFileType = text.plist.xml; path = "TweetTrends-Info.plist"; sourceTree = "<group>"; };
		E2330D5718C3A65B00F23CCA /* en */ = {isa = PBXFileReference; lastKnownFileType = text.plist.strings; name = en; path = en.lproj/InfoPlist.strings; sourceTree = "<group>"; };
		E2330D5918C3A65B00F23CCA /* main.m */ = {isa = PBXFileReference; lastKnownFileType = sourcecode.c.objc; path = main.m; sourceTree = "<group>"; };
		E2330D5B18C3A65B00F23CCA /* TweetTrends-Prefix.pch */ = {isa = PBXFileReference; lastKnownFileType = sourcecode.c.h; path = "TweetTrends-Prefix.pch"; sourceTree = "<group>"; };
		E2330D5C18C3A65B00F23CCA /* AppDelegate.h */ = {isa = PBXFileReference; lastKnownFileType = sourcecode.c.h; path = AppDelegate.h; sourceTree = "<group>"; };
		E2330D5D18C3A65B00F23CCA /* AppDelegate.m */ = {isa = PBXFileReference; lastKnownFileType = sourcecode.c.objc; path = AppDelegate.m; sourceTree = "<group>"; };
		E2330D5F18C3A65B00F23CCA /* Images.xcassets */ = {isa = PBXFileReference; lastKnownFileType = folder.assetcatalog; path = Images.xcassets; sourceTree = "<group>"; };
		E2330D6518C3A65B00F23CCA /* TweetTrendsTests.xctest */ = {isa = PBXFileReference; explicitFileType = wrapper.cfbundle; includeInIndex = 0; path = TweetTrendsTests.xctest; sourceTree = BUILT_PRODUCTS_DIR; };
		E2330D6618C3A65B00F23CCA /* XCTest.framework */ = {isa = PBXFileReference; lastKnownFileType = wrapper.framework; name = XCTest.framework; path = Library/Frameworks/XCTest.framework; sourceTree = DEVELOPER_DIR; };
		E2330D6E18C3A65B00F23CCA /* TweetTrendsTests-Info.plist */ = {isa = PBXFileReference; lastKnownFileType = text.plist.xml; path = "TweetTrendsTests-Info.plist"; sourceTree = "<group>"; };
		E2330D7018C3A65B00F23CCA /* en */ = {isa = PBXFileReference; lastKnownFileType = text.plist.strings; name = en; path = en.lproj/InfoPlist.strings; sourceTree = "<group>"; };
		E2330D7218C3A65B00F23CCA /* TweetTrendsTests.m */ = {isa = PBXFileReference; lastKnownFileType = sourcecode.c.objc; path = TweetTrendsTests.m; sourceTree = "<group>"; };
/* End PBXFileReference section */

/* Begin PBXFrameworksBuildPhase section */
		E2330D4718C3A65B00F23CCA /* Frameworks */ = {
			isa = PBXFrameworksBuildPhase;
			buildActionMask = 2147483647;
			files = (
				E2330D5018C3A65B00F23CCA /* CoreGraphics.framework in Frameworks */,
				E2330D5218C3A65B00F23CCA /* UIKit.framework in Frameworks */,
				E2330D4E18C3A65B00F23CCA /* Foundation.framework in Frameworks */,
			);
			runOnlyForDeploymentPostprocessing = 0;
		};
		E2330D6218C3A65B00F23CCA /* Frameworks */ = {
			isa = PBXFrameworksBuildPhase;
			buildActionMask = 2147483647;
			files = (
				E2330D6718C3A65B00F23CCA /* XCTest.framework in Frameworks */,
				E2330D6918C3A65B00F23CCA /* UIKit.framework in Frameworks */,
				E2330D6818C3A65B00F23CCA /* Foundation.framework in Frameworks */,
			);
			runOnlyForDeploymentPostprocessing = 0;
		};
/* End PBXFrameworksBuildPhase section */

/* Begin PBXGroup section */
		E2330D4118C3A65A00F23CCA = {
			isa = PBXGroup;
			children = (
				E2330D5318C3A65B00F23CCA /* TweetTrends */,
				E2330D6C18C3A65B00F23CCA /* TweetTrendsTests */,
				E2330D4C18C3A65B00F23CCA /* Frameworks */,
				E2330D4B18C3A65B00F23CCA /* Products */,
			);
			sourceTree = "<group>";
		};
		E2330D4B18C3A65B00F23CCA /* Products */ = {
			isa = PBXGroup;
			children = (
				E2330D4A18C3A65B00F23CCA /* TweetTrends.app */,
				E2330D6518C3A65B00F23CCA /* TweetTrendsTests.xctest */,
			);
			name = Products;
			sourceTree = "<group>";
		};
		E2330D4C18C3A65B00F23CCA /* Frameworks */ = {
			isa = PBXGroup;
			children = (
				E2330D4D18C3A65B00F23CCA /* Foundation.framework */,
				E2330D4F18C3A65B00F23CCA /* CoreGraphics.framework */,
				E2330D5118C3A65B00F23CCA /* UIKit.framework */,
				E2330D6618C3A65B00F23CCA /* XCTest.framework */,
			);
			name = Frameworks;
			sourceTree = "<group>";
		};
		E2330D5318C3A65B00F23CCA /* TweetTrends */ = {
			isa = PBXGroup;
			children = (
				E2330D5C18C3A65B00F23CCA /* AppDelegate.h */,
				E2330D5D18C3A65B00F23CCA /* AppDelegate.m */,
				E2330D5F18C3A65B00F23CCA /* Images.xcassets */,
				E2330D5418C3A65B00F23CCA /* Supporting Files */,
			);
			path = TweetTrends;
			sourceTree = "<group>";
		};
		E2330D5418C3A65B00F23CCA /* Supporting Files */ = {
			isa = PBXGroup;
			children = (
				E2330D5518C3A65B00F23CCA /* TweetTrends-Info.plist */,
				E2330D5618C3A65B00F23CCA /* InfoPlist.strings */,
				E2330D5918C3A65B00F23CCA /* main.m */,
				E2330D5B18C3A65B00F23CCA /* TweetTrends-Prefix.pch */,
			);
			name = "Supporting Files";
			sourceTree = "<group>";
		};
		E2330D6C18C3A65B00F23CCA /* TweetTrendsTests */ = {
			isa = PBXGroup;
			children = (
				E2330D7218C3A65B00F23CCA /* TweetTrendsTests.m */,
				E2330D6D18C3A65B00F23CCA /* Supporting Files */,
			);
			path = TweetTrendsTests;
			sourceTree = "<group>";
		};
		E2330D6D18C3A65B00F23CCA /* Supporting Files */ = {
			isa = PBXGroup;
			children = (
				E2330D6E18C3A65B00F23CCA /* TweetTrendsTests-Info.plist */,
				E2330D6F18C3A65B00F23CCA /* InfoPlist.strings */,
			);
			name = "Supporting Files";
			sourceTree = "<group>";
		};
/* End PBXGroup section */

/* Begin PBXNativeTarget section */
		E2330D4918C3A65B00F23CCA /* TweetTrends */ = {
			isa = PBXNativeTarget;
			buildConfigurationList = E2330D7618C3A65B00F23CCA /* Build configuration list for PBXNativeTarget "TweetTrends" */;
			buildPhases = (
				E2330D4618C3A65B00F23CCA /* Sources */,
				E2330D4718C3A65B00F23CCA /* Frameworks */,
				E2330D4818C3A65B00F23CCA /* Resources */,
			);
			buildRules = (
			);
			dependencies = (
			);
			name = TweetTrends;
			productName = TweetTrends;
			productReference = E2330D4A18C3A65B00F23CCA /* TweetTrends.app */;
			productType = "com.apple.product-type.application";
		};
		E2330D6418C3A65B00F23CCA /* TweetTrendsTests */ = {
			isa = PBXNativeTarget;
			buildConfigurationList = E2330D7918C3A65B00F23CCA /* Build configuration list for PBXNativeTarget "TweetTrendsTests" */;
			buildPhases = (
				E2330D6118C3A65B00F23CCA /* Sources */,
				E2330D6218C3A65B00F23CCA /* Frameworks */,
				E2330D6318C3A65B00F23CCA /* Resources */,
			);
			buildRules = (
			);
			dependencies = (
				E2330D6B18C3A65B00F23CCA /* PBXTargetDependency */,
			);
			name = TweetTrendsTests;
			productName = TweetTrendsTests;
			productReference = E2330D6518C3A65B00F23CCA /* TweetTrendsTests.xctest */;
			productType = "com.apple.product-type.bundle.unit-test";
		};
/* End PBXNativeTarget section */

/* Begin PBXProject section */
		E2330D4218C3A65B00F23CCA /* Project object */ = {
			isa = PBXProject;
			attributes = {
				LastUpgradeCheck = 0500;
				ORGANIZATIONNAME = "Vivek Desai";
				TargetAttributes = {
					E2330D6418C3A65B00F23CCA = {
						TestTargetID = E2330D4918C3A65B00F23CCA;
					};
				};
			};
			buildConfigurationList = E2330D4518C3A65B00F23CCA /* Build configuration list for PBXProject "TweetTrends" */;
			compatibilityVersion = "Xcode 3.2";
			developmentRegion = English;
			hasScannedForEncodings = 0;
			knownRegions = (
				en,
			);
			mainGroup = E2330D4118C3A65A00F23CCA;
			productRefGroup = E2330D4B18C3A65B00F23CCA /* Products */;
			projectDirPath = "";
			projectRoot = "";
			targets = (
				E2330D4918C3A65B00F23CCA /* TweetTrends */,
				E2330D6418C3A65B00F23CCA /* TweetTrendsTests */,
			);
		};
/* End PBXProject section */

/* Begin PBXResourcesBuildPhase section */
		E2330D4818C3A65B00F23CCA /* Resources */ = {
			isa = PBXResourcesBuildPhase;
			buildActionMask = 2147483647;
			files = (
				E2330D5818C3A65B00F23CCA /* InfoPlist.strings in Resources */,
				E2330D6018C3A65B00F23CCA /* Images.xcassets in Resources */,
			);
			runOnlyForDeploymentPostprocessing = 0;
		};
		E2330D6318C3A65B00F23CCA /* Resources */ = {
			isa = PBXResourcesBuildPhase;
			buildActionMask = 2147483647;
			files = (
				E2330D7118C3A65B00F23CCA /* InfoPlist.strings in Resources */,
			);
			runOnlyForDeploymentPostprocessing = 0;
		};
/* End PBXResourcesBuildPhase section */

/* Begin PBXSourcesBuildPhase section */
		E2330D4618C3A65B00F23CCA /* Sources */ = {
			isa = PBXSourcesBuildPhase;
			buildActionMask = 2147483647;
			files = (
				E2330D5E18C3A65B00F23CCA /* AppDelegate.m in Sources */,
				E2330D5A18C3A65B00F23CCA /* main.m in Sources */,
			);
			runOnlyForDeploymentPostprocessing = 0;
		};
		E2330D6118C3A65B00F23CCA /* Sources */ = {
			isa = PBXSourcesBuildPhase;
			buildActionMask = 2147483647;
			files = (
				E2330D7318C3A65B00F23CCA /* TweetTrendsTests.m in Sources */,
			);
			runOnlyForDeploymentPostprocessing = 0;
		};
/* End PBXSourcesBuildPhase section */

/* Begin PBXTargetDependency section */
		E2330D6B18C3A65B00F23CCA /* PBXTargetDependency */ = {
			isa = PBXTargetDependency;
			target = E2330D4918C3A65B00F23CCA /* TweetTrends */;
			targetProxy = E2330D6A18C3A65B00F23CCA /* PBXContainerItemProxy */;
		};
/* End PBXTargetDependency section */

/* Begin PBXVariantGroup section */
		E2330D5618C3A65B00F23CCA /* InfoPlist.strings */ = {
			isa = PBXVariantGroup;
			children = (
				E2330D5718C3A65B00F23CCA /* en */,
			);
			name = InfoPlist.strings;
			sourceTree = "<group>";
		};
		E2330D6F18C3A65B00F23CCA /* InfoPlist.strings */ = {
			isa = PBXVariantGroup;
			children = (
				E2330D7018C3A65B00F23CCA /* en */,
			);
			name = InfoPlist.strings;
			sourceTree = "<group>";
		};
/* End PBXVariantGroup section */

/* Begin XCBuildConfiguration section */
		E2330D7418C3A65B00F23CCA /* Debug */ = {
			isa = XCBuildConfiguration;
			buildSettings = {
				ALWAYS_SEARCH_USER_PATHS = NO;
				ARCHS = "$(ARCHS_STANDARD_INCLUDING_64_BIT)";
				CLANG_CXX_LANGUAGE_STANDARD = "gnu++0x";
				CLANG_CXX_LIBRARY = "libc++";
				CLANG_ENABLE_MODULES = YES;
				CLANG_ENABLE_OBJC_ARC = YES;
				CLANG_WARN_BOOL_CONVERSION = YES;
				CLANG_WARN_CONSTANT_CONVERSION = YES;
				CLANG_WARN_DIRECT_OBJC_ISA_USAGE = YES_ERROR;
				CLANG_WARN_EMPTY_BODY = YES;
				CLANG_WARN_ENUM_CONVERSION = YES;
				CLANG_WARN_INT_CONVERSION = YES;
				CLANG_WARN_OBJC_ROOT_CLASS = YES_ERROR;
				CLANG_WARN__DUPLICATE_METHOD_MATCH = YES;
				"CODE_SIGN_IDENTITY[sdk=iphoneos*]" = "iPhone Developer";
				COPY_PHASE_STRIP = NO;
				GCC_C_LANGUAGE_STANDARD = gnu99;
				GCC_DYNAMIC_NO_PIC = NO;
				GCC_OPTIMIZATION_LEVEL = 0;
				GCC_PREPROCESSOR_DEFINITIONS = (
					"DEBUG=1",
					"$(inherited)",
				);
				GCC_SYMBOLS_PRIVATE_EXTERN = NO;
				GCC_WARN_64_TO_32_BIT_CONVERSION = YES;
				GCC_WARN_ABOUT_RETURN_TYPE = YES_ERROR;
				GCC_WARN_UNDECLARED_SELECTOR = YES;
				GCC_WARN_UNINITIALIZED_AUTOS = YES;
				GCC_WARN_UNUSED_FUNCTION = YES;
				GCC_WARN_UNUSED_VARIABLE = YES;
				IPHONEOS_DEPLOYMENT_TARGET = 7.0;
				ONLY_ACTIVE_ARCH = YES;
				SDKROOT = iphoneos;
			};
			name = Debug;
		};
		E2330D7518C3A65B00F23CCA /* Release */ = {
			isa = XCBuildConfiguration;
			buildSettings = {
				ALWAYS_SEARCH_USER_PATHS = NO;
				ARCHS = "$(ARCHS_STANDARD_INCLUDING_64_BIT)";
				CLANG_CXX_LANGUAGE_STANDARD = "gnu++0x";
				CLANG_CXX_LIBRARY = "libc++";
				CLANG_ENABLE_MODULES = YES;
				CLANG_ENABLE_OBJC_ARC = YES;
				CLANG_WARN_BOOL_CONVERSION = YES;
				CLANG_WARN_CONSTANT_CONVERSION = YES;
				CLANG_WARN_DIRECT_OBJC_ISA_USAGE = YES_ERROR;
				CLANG_WARN_EMPTY_BODY = YES;
				CLANG_WARN_ENUM_CONVERSION = YES;
				CLANG_WARN_INT_CONVERSION = YES;
				CLANG_WARN_OBJC_ROOT_CLASS = YES_ERROR;
				CLANG_WARN__DUPLICATE_METHOD_MATCH = YES;
				"CODE_SIGN_IDENTITY[sdk=iphoneos*]" = "iPhone Developer";
				COPY_PHASE_STRIP = YES;
				ENABLE_NS_ASSERTIONS = NO;
				GCC_C_LANGUAGE_STANDARD = gnu99;
				GCC_WARN_64_TO_32_BIT_CONVERSION = YES;
				GCC_WARN_ABOUT_RETURN_TYPE = YES_ERROR;
				GCC_WARN_UNDECLARED_SELECTOR = YES;
				GCC_WARN_UNINITIALIZED_AUTOS = YES;
				GCC_WARN_UNUSED_FUNCTION = YES;
				GCC_WARN_UNUSED_VARIABLE = YES;
				IPHONEOS_DEPLOYMENT_TARGET = 7.0;
				SDKROOT = iphoneos;
				VALIDATE_PRODUCT = YES;
			};
			name = Release;
		};
		E2330D7718C3A65B00F23CCA /* Debug */ = {
			isa = XCBuildConfiguration;
			buildSettings = {
				ASSETCATALOG_COMPILER_APPICON_NAME = AppIcon;
				ASSETCATALOG_COMPILER_LAUNCHIMAGE_NAME = LaunchImage;
				GCC_PRECOMPILE_PREFIX_HEADER = YES;
				GCC_PREFIX_HEADER = "TweetTrends/TweetTrends-Prefix.pch";
				INFOPLIST_FILE = "TweetTrends/TweetTrends-Info.plist";
				PRODUCT_NAME = "$(TARGET_NAME)";
				WRAPPER_EXTENSION = app;
			};
			name = Debug;
		};
		E2330D7818C3A65B00F23CCA /* Release */ = {
			isa = XCBuildConfiguration;
			buildSettings = {
				ASSETCATALOG_COMPILER_APPICON_NAME = AppIcon;
				ASSETCATALOG_COMPILER_LAUNCHIMAGE_NAME = LaunchImage;
				GCC_PRECOMPILE_PREFIX_HEADER = YES;
				GCC_PREFIX_HEADER = "TweetTrends/TweetTrends-Prefix.pch";
				INFOPLIST_FILE = "TweetTrends/TweetTrends-Info.plist";
				PRODUCT_NAME = "$(TARGET_NAME)";
				WRAPPER_EXTENSION = app;
			};
			name = Release;
		};
		E2330D7A18C3A65B00F23CCA /* Debug */ = {
			isa = XCBuildConfiguration;
			buildSettings = {
				ARCHS = "$(ARCHS_STANDARD_INCLUDING_64_BIT)";
				BUNDLE_LOADER = "$(BUILT_PRODUCTS_DIR)/TweetTrends.app/TweetTrends";
				FRAMEWORK_SEARCH_PATHS = (
					"$(SDKROOT)/Developer/Library/Frameworks",
					"$(inherited)",
					"$(DEVELOPER_FRAMEWORKS_DIR)",
				);
				GCC_PRECOMPILE_PREFIX_HEADER = YES;
				GCC_PREFIX_HEADER = "TweetTrends/TweetTrends-Prefix.pch";
				GCC_PREPROCESSOR_DEFINITIONS = (
					"DEBUG=1",
					"$(inherited)",
				);
				INFOPLIST_FILE = "TweetTrendsTests/TweetTrendsTests-Info.plist";
				PRODUCT_NAME = "$(TARGET_NAME)";
				TEST_HOST = "$(BUNDLE_LOADER)";
				WRAPPER_EXTENSION = xctest;
			};
			name = Debug;
		};
		E2330D7B18C3A65B00F23CCA /* Release */ = {
			isa = XCBuildConfiguration;
			buildSettings = {
				ARCHS = "$(ARCHS_STANDARD_INCLUDING_64_BIT)";
				BUNDLE_LOADER = "$(BUILT_PRODUCTS_DIR)/TweetTrends.app/TweetTrends";
				FRAMEWORK_SEARCH_PATHS = (
					"$(SDKROOT)/Developer/Library/Frameworks",
					"$(inherited)",
					"$(DEVELOPER_FRAMEWORKS_DIR)",
				);
				GCC_PRECOMPILE_PREFIX_HEADER = YES;
				GCC_PREFIX_HEADER = "TweetTrends/TweetTrends-Prefix.pch";
				INFOPLIST_FILE = "TweetTrendsTests/TweetTrendsTests-Info.plist";
				PRODUCT_NAME = "$(TARGET_NAME)";
				TEST_HOST = "$(BUNDLE_LOADER)";
				WRAPPER_EXTENSION = xctest;
			};
			name = Release;
		};
/* End XCBuildConfiguration section */

/* Begin XCConfigurationList section */
		E2330D4518C3A65B00F23CCA /* Build configuration list for PBXProject "TweetTrends" */ = {
			isa = XCConfigurationList;
			buildConfigurations = (
				E2330D7418C3A65B00F23CCA /* Debug */,
				E2330D7518C3A65B00F23CCA /* Release */,
			);
			defaultConfigurationIsVisible = 0;
			defaultConfigurationName = Release;
		};
		E2330D7618C3A65B00F23CCA /* Build configuration list for PBXNativeTarget "TweetTrends" */ = {
			isa = XCConfigurationList;
			buildConfigurations = (
				E2330D7718C3A65B00F23CCA /* Debug */,
				E2330D7818C3A65B00F23CCA /* Release */,
			);
			defaultConfigurationIsVisible = 0;
		};
		E2330D7918C3A65B00F23CCA /* Build configuration list for PBXNativeTarget "TweetTrendsTests" */ = {
			isa = XCConfigurationList;
			buildConfigurations = (
				E2330D7A18C3A65B00F23CCA /* Debug */,
				E2330D7B18C3A65B00F23CCA /* Release */,
			);
			defaultConfigurationIsVisible = 0;
		};
/* End XCConfigurationList section */
	};
	rootObject = E2330D4218C3A65B00F23CCA /* Project object */;
}
